
Microsoft Visual Studio Solution File, Format Version 12.00
# Visual Studio Version 17
VisualStudioVersion = 17.0.32112.339
MinimumVisualStudioVersion = 10.0.40219.1
Project("{2150E333-8FDC-42A3-9474-1A3956D46DE8}") = "src", "src", "{5DAD5604-4C5D-4A36-B67A-95ABE4E2BD4D}"
EndProject
Project("{2150E333-8FDC-42A3-9474-1A3956D46DE8}") = "samples", "samples", "{538031E3-2808-459B-9B84-BE9B211BB53F}"
	ProjectSection(SolutionItems) = preProject
		..\..\..\Downloads\federationmetadata (26).xml = ..\..\..\Downloads\federationmetadata (26).xml
	EndProjectSection
EndProject
Project("{9A19103F-16F7-4668-BE54-9A1E7A4F7556}") = "saml2.authentication", "src\saml2.authentication\saml2.authentication.csproj", "{9833157C-D5EC-4141-9690-BD6EEB1A66A8}"
EndProject
Project("{2150E333-8FDC-42A3-9474-1A3956D46DE8}") = "Solution Items", "Solution Items", "{AABC16B6-3346-472A-A227-E7099BA0A2DE}"
	ProjectSection(SolutionItems) = preProject
		README.md = README.md
	EndProjectSection
EndProject
Project("{9A19103F-16F7-4668-BE54-9A1E7A4F7556}") = "RazorPages.Redirect.PostBinding", "samples\RazorPages.Redirect.PostBinding\RazorPages.Redirect.PostBinding.csproj", "{D0B0E256-503D-407F-8F3E-90F98116B7E2}"
EndProject
Project("{9A19103F-16F7-4668-BE54-9A1E7A4F7556}") = "Blazor.Post.ArtifactBinding", "samples\Blazor.Post.ArtifactBinding\Blazor.Post.ArtifactBinding.csproj", "{21D4578E-6C4C-4EBD-AC71-97F1C695BC36}"
EndProject
Project("{9A19103F-16F7-4668-BE54-9A1E7A4F7556}") = "Mvc.Post.ArtifactBinding", "samples\Mvc.Post.ArtifactBinding\Mvc.Post.ArtifactBinding.csproj", "{5172D7A8-BE54-4F81-AE7A-86998E5C1434}"
EndProject
Project("{9A19103F-16F7-4668-BE54-9A1E7A4F7556}") = "Mvc.Post.PostBinding", "samples\Mvc.Post.PostBinding\Mvc.Post.PostBinding.csproj", "{CAEBEFCA-F082-4390-A995-713E0A9BBB73}"
EndProject
Project("{9A19103F-16F7-4668-BE54-9A1E7A4F7556}") = "Mvc.Redirect.ArtifactBinding", "samples\Mvc.Redirect.ArtifactBinding\Mvc.Redirect.ArtifactBinding.csproj", "{122B87E1-22AE-4E55-8E4C-48FE4DCFC6ED}"
EndProject
Project("{9A19103F-16F7-4668-BE54-9A1E7A4F7556}") = "Mvc.Redirect.PostBinding", "samples\Mvc.Redirect.PostBinding\Mvc.Redirect.PostBinding.csproj", "{DBE548FB-790E-4A86-B465-1A504C0BBB5B}"
EndProject
Project("{2150E333-8FDC-42A3-9474-1A3956D46DE8}") = ".github", ".github", "{DD6EC0E8-06B8-4A4E-BD2A-B75B1D196902}"
EndProject
Project("{2150E333-8FDC-42A3-9474-1A3956D46DE8}") = "workflows", "workflows", "{4E9F2C11-8DEE-40CF-BCBB-1467C210245B}"
	ProjectSection(SolutionItems) = preProject
		.github\workflows\build.yml = .github\workflows\build.yml
		.github\workflows\ci.yml = .github\workflows\ci.yml
		.github\workflows\release.yml = .github\workflows\release.yml
	EndProjectSection
EndProject
Global
	GlobalSection(SolutionConfigurationPlatforms) = preSolution
		Debug|Any CPU = Debug|Any CPU
		Release|Any CPU = Release|Any CPU
	EndGlobalSection
	GlobalSection(ProjectConfigurationPlatforms) = postSolution
		{9833157C-D5EC-4141-9690-BD6EEB1A66A8}.Debug|Any CPU.ActiveCfg = Debug|Any CPU
		{9833157C-D5EC-4141-9690-BD6EEB1A66A8}.Debug|Any CPU.Build.0 = Debug|Any CPU
		{9833157C-D5EC-4141-9690-BD6EEB1A66A8}.Release|Any CPU.ActiveCfg = Release|Any CPU
		{9833157C-D5EC-4141-9690-BD6EEB1A66A8}.Release|Any CPU.Build.0 = Release|Any CPU
		{D0B0E256-503D-407F-8F3E-90F98116B7E2}.Debug|Any CPU.ActiveCfg = Debug|Any CPU
		{D0B0E256-503D-407F-8F3E-90F98116B7E2}.Debug|Any CPU.Build.0 = Debug|Any CPU
		{D0B0E256-503D-407F-8F3E-90F98116B7E2}.Release|Any CPU.ActiveCfg = Release|Any CPU
		{D0B0E256-503D-407F-8F3E-90F98116B7E2}.Release|Any CPU.Build.0 = Release|Any CPU
		{21D4578E-6C4C-4EBD-AC71-97F1C695BC36}.Debug|Any CPU.ActiveCfg = Debug|Any CPU
		{21D4578E-6C4C-4EBD-AC71-97F1C695BC36}.Debug|Any CPU.Build.0 = Debug|Any CPU
		{21D4578E-6C4C-4EBD-AC71-97F1C695BC36}.Release|Any CPU.ActiveCfg = Release|Any CPU
		{21D4578E-6C4C-4EBD-AC71-97F1C695BC36}.Release|Any CPU.Build.0 = Release|Any CPU
		{5172D7A8-BE54-4F81-AE7A-86998E5C1434}.Debug|Any CPU.ActiveCfg = Debug|Any CPU
		{5172D7A8-BE54-4F81-AE7A-86998E5C1434}.Debug|Any CPU.Build.0 = Debug|Any CPU
		{5172D7A8-BE54-4F81-AE7A-86998E5C1434}.Release|Any CPU.ActiveCfg = Release|Any CPU
		{5172D7A8-BE54-4F81-AE7A-86998E5C1434}.Release|Any CPU.Build.0 = Release|Any CPU
		{CAEBEFCA-F082-4390-A995-713E0A9BBB73}.Debug|Any CPU.ActiveCfg = Debug|Any CPU
		{CAEBEFCA-F082-4390-A995-713E0A9BBB73}.Debug|Any CPU.Build.0 = Debug|Any CPU
		{CAEBEFCA-F082-4390-A995-713E0A9BBB73}.Release|Any CPU.ActiveCfg = Release|Any CPU
		{CAEBEFCA-F082-4390-A995-713E0A9BBB73}.Release|Any CPU.Build.0 = Release|Any CPU
		{122B87E1-22AE-4E55-8E4C-48FE4DCFC6ED}.Debug|Any CPU.ActiveCfg = Debug|Any CPU
		{122B87E1-22AE-4E55-8E4C-48FE4DCFC6ED}.Debug|Any CPU.Build.0 = Debug|Any CPU
		{122B87E1-22AE-4E55-8E4C-48FE4DCFC6ED}.Release|Any CPU.ActiveCfg = Release|Any CPU
		{122B87E1-22AE-4E55-8E4C-48FE4DCFC6ED}.Release|Any CPU.Build.0 = Release|Any CPU
		{DBE548FB-790E-4A86-B465-1A504C0BBB5B}.Debug|Any CPU.ActiveCfg = Debug|Any CPU
		{DBE548FB-790E-4A86-B465-1A504C0BBB5B}.Debug|Any CPU.Build.0 = Debug|Any CPU
		{DBE548FB-790E-4A86-B465-1A504C0BBB5B}.Release|Any CPU.ActiveCfg = Release|Any CPU
		{DBE548FB-790E-4A86-B465-1A504C0BBB5B}.Release|Any CPU.Build.0 = Release|Any CPU
	EndGlobalSection
	GlobalSection(SolutionProperties) = preSolution
		HideSolutionNode = FALSE
	EndGlobalSection
	GlobalSection(NestedProjects) = preSolution
		{9833157C-D5EC-4141-9690-BD6EEB1A66A8} = {5DAD5604-4C5D-4A36-B67A-95ABE4E2BD4D}
		{D0B0E256-503D-407F-8F3E-90F98116B7E2} = {538031E3-2808-459B-9B84-BE9B211BB53F}
		{21D4578E-6C4C-4EBD-AC71-97F1C695BC36} = {538031E3-2808-459B-9B84-BE9B211BB53F}
		{5172D7A8-BE54-4F81-AE7A-86998E5C1434} = {538031E3-2808-459B-9B84-BE9B211BB53F}
		{CAEBEFCA-F082-4390-A995-713E0A9BBB73} = {538031E3-2808-459B-9B84-BE9B211BB53F}
		{122B87E1-22AE-4E55-8E4C-48FE4DCFC6ED} = {538031E3-2808-459B-9B84-BE9B211BB53F}
		{DBE548FB-790E-4A86-B465-1A504C0BBB5B} = {538031E3-2808-459B-9B84-BE9B211BB53F}
		{DD6EC0E8-06B8-4A4E-BD2A-B75B1D196902} = {AABC16B6-3346-472A-A227-E7099BA0A2DE}
		{4E9F2C11-8DEE-40CF-BCBB-1467C210245B} = {DD6EC0E8-06B8-4A4E-BD2A-B75B1D196902}
	EndGlobalSection
	GlobalSection(ExtensibilityGlobals) = postSolution
		SolutionGuid = {4913BF26-EB95-4163-B1A2-BE7450EFC50E}
	EndGlobalSection
EndGlobal
